
Microsoft Visual Studio Solution File, Format Version 12.00
# Visual Studio Version 17
VisualStudioVersion = 17.0.31903.59
MinimumVisualStudioVersion = 10.0.40219.1
Project("{2150E333-8FDC-42A3-9474-1A3956D46DE8}") = "Backend", "Backend", "{1AE8ACA6-933B-BF2A-3671-3E2EAC007D16}"
EndProject
Project("{FAE04EC0-301F-11D3-BF4B-00C04F79EFBC}") = "ScriptFlow.API", "Backend\ScriptFlow.API\ScriptFlow.API.csproj", "{B696429F-499A-41CB-A395-A8553CBE2363}"
EndProject
Project("{FAE04EC0-301F-11D3-BF4B-00C04F79EFBC}") = "Dispact.Worker", "Backend\Dispact.Worker\Dispact.Worker.csproj", "{55CFB134-68ED-4423-9D6F-A5BFC7EA788B}"
EndProject
Project("{FAE04EC0-301F-11D3-BF4B-00C04F79EFBC}") = "Notification.Service", "Backend\Notification.Service\Notification.Service.csproj", "{535D320B-227D-4FC1-9665-D96887A762DF}"
EndProject
Project("{FAE04EC0-301F-11D3-BF4B-00C04F79EFBC}") = "PharmacyGateway.mock", "Backend\PharmacyGateway.mock\PharmacyGateway.mock.csproj", "{05077003-8A76-4A76-ADA7-D96BB105D6C9}"
EndProject
Project("{2150E333-8FDC-42A3-9474-1A3956D46DE8}") = "Shared", "Shared", "{B9B6650B-7025-C9C0-BCFD-BDEDF1640D80}"
EndProject
Project("{FAE04EC0-301F-11D3-BF4B-00C04F79EFBC}") = "Shared.contract", "Backend\Shared.contract\Shared.contract.csproj", "{CCA6E9E8-D788-4C23-A3B7-B6073C26F37F}"
EndProject
Project("{FAE04EC0-301F-11D3-BF4B-00C04F79EFBC}") = "Shared.Events", "Backend\Shared.Events\Shared.Events.csproj", "{A0CB4B10-BB43-42E3-8229-9175C836B425}"
EndProject
Project("{FAE04EC0-301F-11D3-BF4B-00C04F79EFBC}") = "Shared.Infrastructure", "Backend\Shared.Infrastructure\Shared.Infrastructure.csproj", "{3AB2F781-16CF-41DE-B099-814D0778A94A}"
EndProject
Global
	GlobalSection(SolutionConfigurationPlatforms) = preSolution
		Debug|Any CPU = Debug|Any CPU
		Debug|x64 = Debug|x64
		Debug|x86 = Debug|x86
		Release|Any CPU = Release|Any CPU
		Release|x64 = Release|x64
		Release|x86 = Release|x86
	EndGlobalSection
	GlobalSection(ProjectConfigurationPlatforms) = postSolution
		{B696429F-499A-41CB-A395-A8553CBE2363}.Debug|Any CPU.ActiveCfg = Debug|Any CPU
		{B696429F-499A-41CB-A395-A8553CBE2363}.Debug|Any CPU.Build.0 = Debug|Any CPU
		{B696429F-499A-41CB-A395-A8553CBE2363}.Debug|x64.ActiveCfg = Debug|Any CPU
		{B696429F-499A-41CB-A395-A8553CBE2363}.Debug|x64.Build.0 = Debug|Any CPU
		{B696429F-499A-41CB-A395-A8553CBE2363}.Debug|x86.ActiveCfg = Debug|Any CPU
		{B696429F-499A-41CB-A395-A8553CBE2363}.Debug|x86.Build.0 = Debug|Any CPU
		{B696429F-499A-41CB-A395-A8553CBE2363}.Release|Any CPU.ActiveCfg = Release|Any CPU
		{B696429F-499A-41CB-A395-A8553CBE2363}.Release|Any CPU.Build.0 = Release|Any CPU
		{B696429F-499A-41CB-A395-A8553CBE2363}.Release|x64.ActiveCfg = Release|Any CPU
		{B696429F-499A-41CB-A395-A8553CBE2363}.Release|x64.Build.0 = Release|Any CPU
		{B696429F-499A-41CB-A395-A8553CBE2363}.Release|x86.ActiveCfg = Release|Any CPU
		{B696429F-499A-41CB-A395-A8553CBE2363}.Release|x86.Build.0 = Release|Any CPU
		{55CFB134-68ED-4423-9D6F-A5BFC7EA788B}.Debug|Any CPU.ActiveCfg = Debug|Any CPU
		{55CFB134-68ED-4423-9D6F-A5BFC7EA788B}.Debug|Any CPU.Build.0 = Debug|Any CPU
		{55CFB134-68ED-4423-9D6F-A5BFC7EA788B}.Debug|x64.ActiveCfg = Debug|Any CPU
		{55CFB134-68ED-4423-9D6F-A5BFC7EA788B}.Debug|x64.Build.0 = Debug|Any CPU
		{55CFB134-68ED-4423-9D6F-A5BFC7EA788B}.Debug|x86.ActiveCfg = Debug|Any CPU
		{55CFB134-68ED-4423-9D6F-A5BFC7EA788B}.Debug|x86.Build.0 = Debug|Any CPU
		{55CFB134-68ED-4423-9D6F-A5BFC7EA788B}.Release|Any CPU.ActiveCfg = Release|Any CPU
		{55CFB134-68ED-4423-9D6F-A5BFC7EA788B}.Release|Any CPU.Build.0 = Release|Any CPU
		{55CFB134-68ED-4423-9D6F-A5BFC7EA788B}.Release|x64.ActiveCfg = Release|Any CPU
		{55CFB134-68ED-4423-9D6F-A5BFC7EA788B}.Release|x64.Build.0 = Release|Any CPU
		{55CFB134-68ED-4423-9D6F-A5BFC7EA788B}.Release|x86.ActiveCfg = Release|Any CPU
		{55CFB134-68ED-4423-9D6F-A5BFC7EA788B}.Release|x86.Build.0 = Release|Any CPU
		{535D320B-227D-4FC1-9665-D96887A762DF}.Debug|Any CPU.ActiveCfg = Debug|Any CPU
		{535D320B-227D-4FC1-9665-D96887A762DF}.Debug|Any CPU.Build.0 = Debug|Any CPU
		{535D320B-227D-4FC1-9665-D96887A762DF}.Debug|x64.ActiveCfg = Debug|Any CPU
		{535D320B-227D-4FC1-9665-D96887A762DF}.Debug|x64.Build.0 = Debug|Any CPU
		{535D320B-227D-4FC1-9665-D96887A762DF}.Debug|x86.ActiveCfg = Debug|Any CPU
		{535D320B-227D-4FC1-9665-D96887A762DF}.Debug|x86.Build.0 = Debug|Any CPU
		{535D320B-227D-4FC1-9665-D96887A762DF}.Release|Any CPU.ActiveCfg = Release|Any CPU
		{535D320B-227D-4FC1-9665-D96887A762DF}.Release|Any CPU.Build.0 = Release|Any CPU
		{535D320B-227D-4FC1-9665-D96887A762DF}.Release|x64.ActiveCfg = Release|Any CPU
		{535D320B-227D-4FC1-9665-D96887A762DF}.Release|x64.Build.0 = Release|Any CPU
		{535D320B-227D-4FC1-9665-D96887A762DF}.Release|x86.ActiveCfg = Release|Any CPU
		{535D320B-227D-4FC1-9665-D96887A762DF}.Release|x86.Build.0 = Release|Any CPU
		{05077003-8A76-4A76-ADA7-D96BB105D6C9}.Debug|Any CPU.ActiveCfg = Debug|Any CPU
		{05077003-8A76-4A76-ADA7-D96BB105D6C9}.Debug|Any CPU.Build.0 = Debug|Any CPU
		{05077003-8A76-4A76-ADA7-D96BB105D6C9}.Debug|x64.ActiveCfg = Debug|Any CPU
		{05077003-8A76-4A76-ADA7-D96BB105D6C9}.Debug|x64.Build.0 = Debug|Any CPU
		{05077003-8A76-4A76-ADA7-D96BB105D6C9}.Debug|x86.ActiveCfg = Debug|Any CPU
		{05077003-8A76-4A76-ADA7-D96BB105D6C9}.Debug|x86.Build.0 = Debug|Any CPU
		{05077003-8A76-4A76-ADA7-D96BB105D6C9}.Release|Any CPU.ActiveCfg = Release|Any CPU
		{05077003-8A76-4A76-ADA7-D96BB105D6C9}.Release|Any CPU.Build.0 = Release|Any CPU
		{05077003-8A76-4A76-ADA7-D96BB105D6C9}.Release|x64.ActiveCfg = Release|Any CPU
		{05077003-8A76-4A76-ADA7-D96BB105D6C9}.Release|x64.Build.0 = Release|Any CPU
		{05077003-8A76-4A76-ADA7-D96BB105D6C9}.Release|x86.ActiveCfg = Release|Any CPU
		{05077003-8A76-4A76-ADA7-D96BB105D6C9}.Release|x86.Build.0 = Release|Any CPU
		{CCA6E9E8-D788-4C23-A3B7-B6073C26F37F}.Debug|Any CPU.ActiveCfg = Debug|Any CPU
		{CCA6E9E8-D788-4C23-A3B7-B6073C26F37F}.Debug|Any CPU.Build.0 = Debug|Any CPU
		{CCA6E9E8-D788-4C23-A3B7-B6073C26F37F}.Debug|x64.ActiveCfg = Debug|Any CPU
		{CCA6E9E8-D788-4C23-A3B7-B6073C26F37F}.Debug|x64.Build.0 = Debug|Any CPU
		{CCA6E9E8-D788-4C23-A3B7-B6073C26F37F}.Debug|x86.ActiveCfg = Debug|Any CPU
		{CCA6E9E8-D788-4C23-A3B7-B6073C26F37F}.Debug|x86.Build.0 = Debug|Any CPU
		{CCA6E9E8-D788-4C23-A3B7-B6073C26F37F}.Release|Any CPU.ActiveCfg = Release|Any CPU
		{CCA6E9E8-D788-4C23-A3B7-B6073C26F37F}.Release|Any CPU.Build.0 = Release|Any CPU
		{CCA6E9E8-D788-4C23-A3B7-B6073C26F37F}.Release|x64.ActiveCfg = Release|Any CPU
		{CCA6E9E8-D788-4C23-A3B7-B6073C26F37F}.Release|x64.Build.0 = Release|Any CPU
		{CCA6E9E8-D788-4C23-A3B7-B6073C26F37F}.Release|x86.ActiveCfg = Release|Any CPU
		{CCA6E9E8-D788-4C23-A3B7-B6073C26F37F}.Release|x86.Build.0 = Release|Any CPU
		{A0CB4B10-BB43-42E3-8229-9175C836B425}.Debug|Any CPU.ActiveCfg = Debug|Any CPU
		{A0CB4B10-BB43-42E3-8229-9175C836B425}.Debug|Any CPU.Build.0 = Debug|Any CPU
		{A0CB4B10-BB43-42E3-8229-9175C836B425}.Debug|x64.ActiveCfg = Debug|Any CPU
		{A0CB4B10-BB43-42E3-8229-9175C836B425}.Debug|x64.Build.0 = Debug|Any CPU
		{A0CB4B10-BB43-42E3-8229-9175C836B425}.Debug|x86.ActiveCfg = Debug|Any CPU
		{A0CB4B10-BB43-42E3-8229-9175C836B425}.Debug|x86.Build.0 = Debug|Any CPU
		{A0CB4B10-BB43-42E3-8229-9175C836B425}.Release|Any CPU.ActiveCfg = Release|Any CPU
		{A0CB4B10-BB43-42E3-8229-9175C836B425}.Release|Any CPU.Build.0 = Release|Any CPU
		{A0CB4B10-BB43-42E3-8229-9175C836B425}.Release|x64.ActiveCfg = Release|Any CPU
		{A0CB4B10-BB43-42E3-8229-9175C836B425}.Release|x64.Build.0 = Release|Any CPU
		{A0CB4B10-BB43-42E3-8229-9175C836B425}.Release|x86.ActiveCfg = Release|Any CPU
		{A0CB4B10-BB43-42E3-8229-9175C836B425}.Release|x86.Build.0 = Release|Any CPU
		{3AB2F781-16CF-41DE-B099-814D0778A94A}.Debug|Any CPU.ActiveCfg = Debug|Any CPU
		{3AB2F781-16CF-41DE-B099-814D0778A94A}.Debug|Any CPU.Build.0 = Debug|Any CPU
		{3AB2F781-16CF-41DE-B099-814D0778A94A}.Debug|x64.ActiveCfg = Debug|Any CPU
		{3AB2F781-16CF-41DE-B099-814D0778A94A}.Debug|x64.Build.0 = Debug|Any CPU
		{3AB2F781-16CF-41DE-B099-814D0778A94A}.Debug|x86.ActiveCfg = Debug|Any CPU
		{3AB2F781-16CF-41DE-B099-814D0778A94A}.Debug|x86.Build.0 = Debug|Any CPU
		{3AB2F781-16CF-41DE-B099-814D0778A94A}.Release|Any CPU.ActiveCfg = Release|Any CPU
		{3AB2F781-16CF-41DE-B099-814D0778A94A}.Release|Any CPU.Build.0 = Release|Any CPU
		{3AB2F781-16CF-41DE-B099-814D0778A94A}.Release|x64.ActiveCfg = Release|Any CPU
		{3AB2F781-16CF-41DE-B099-814D0778A94A}.Release|x64.Build.0 = Release|Any CPU
		{3AB2F781-16CF-41DE-B099-814D0778A94A}.Release|x86.ActiveCfg = Release|Any CPU
		{3AB2F781-16CF-41DE-B099-814D0778A94A}.Release|x86.Build.0 = Release|Any CPU
	EndGlobalSection
	GlobalSection(SolutionProperties) = preSolution
		HideSolutionNode = FALSE
	EndGlobalSection
	GlobalSection(NestedProjects) = preSolution
		{B696429F-499A-41CB-A395-A8553CBE2363} = {1AE8ACA6-933B-BF2A-3671-3E2EAC007D16}
		{55CFB134-68ED-4423-9D6F-A5BFC7EA788B} = {1AE8ACA6-933B-BF2A-3671-3E2EAC007D16}
		{535D320B-227D-4FC1-9665-D96887A762DF} = {1AE8ACA6-933B-BF2A-3671-3E2EAC007D16}
		{05077003-8A76-4A76-ADA7-D96BB105D6C9} = {1AE8ACA6-933B-BF2A-3671-3E2EAC007D16}
		{B9B6650B-7025-C9C0-BCFD-BDEDF1640D80} = {1AE8ACA6-933B-BF2A-3671-3E2EAC007D16}
		{CCA6E9E8-D788-4C23-A3B7-B6073C26F37F} = {B9B6650B-7025-C9C0-BCFD-BDEDF1640D80}
		{A0CB4B10-BB43-42E3-8229-9175C836B425} = {B9B6650B-7025-C9C0-BCFD-BDEDF1640D80}
		{3AB2F781-16CF-41DE-B099-814D0778A94A} = {B9B6650B-7025-C9C0-BCFD-BDEDF1640D80}
	EndGlobalSection
EndGlobal
